
Microsoft Visual Studio Solution File, Format Version 12.00
# Visual Studio Version 16
VisualStudioVersion = 16.0.31321.278
MinimumVisualStudioVersion = 10.0.40219.1
Project("{FAE04EC0-301F-11D3-BF4B-00C04F79EFBC}") = "schleifenInCSharp", "schleifenInCSharp\schleifenInCSharp.csproj", "{38AC8D69-ED75-463E-96E9-79B39458BE41}"
EndProject
Global
	GlobalSection(SolutionConfigurationPlatforms) = preSolution
		Debug|Any CPU = Debug|Any CPU
		Release|Any CPU = Release|Any CPU
	EndGlobalSection
	GlobalSection(ProjectConfigurationPlatforms) = postSolution
		{38AC8D69-ED75-463E-96E9-79B39458BE41}.Debug|Any CPU.ActiveCfg = Debug|Any CPU
		{38AC8D69-ED75-463E-96E9-79B39458BE41}.Debug|Any CPU.Build.0 = Debug|Any CPU
		{38AC8D69-ED75-463E-96E9-79B39458BE41}.Release|Any CPU.ActiveCfg = Release|Any CPU
		{38AC8D69-ED75-463E-96E9-79B39458BE41}.Release|Any CPU.Build.0 = Release|Any CPU
	EndGlobalSection
	GlobalSection(SolutionProperties) = preSolution
		HideSolutionNode = FALSE
	EndGlobalSection
	GlobalSection(ExtensibilityGlobals) = postSolution
		SolutionGuid = {229D4535-6444-43E1-953C-93FB64427AB0}
	EndGlobalSection
EndGlobal
